// !$*UTF8*$!
{
	archiveVersion = 1;
	classes = {
	};
	objectVersion = 46;
	objects = {

/* Begin PBXBuildFile section */
		D52AE90C1D1F46E000F62AC1 /* AppDelegate.swift in Sources */ = {isa = PBXBuildFile; fileRef = D52AE90B1D1F46E000F62AC1 /* AppDelegate.swift */; };
		D52AE90E1D1F46E000F62AC1 /* ViewController.swift in Sources */ = {isa = PBXBuildFile; fileRef = D52AE90D1D1F46E000F62AC1 /* ViewController.swift */; };
		D52AE9111D1F46E000F62AC1 /* Main.storyboard in Resources */ = {isa = PBXBuildFile; fileRef = D52AE90F1D1F46E000F62AC1 /* Main.storyboard */; };
		D52AE9131D1F46E000F62AC1 /* Assets.xcassets in Resources */ = {isa = PBXBuildFile; fileRef = D52AE9121D1F46E000F62AC1 /* Assets.xcassets */; };
		D52AE9161D1F46E000F62AC1 /* LaunchScreen.storyboard in Resources */ = {isa = PBXBuildFile; fileRef = D52AE9141D1F46E000F62AC1 /* LaunchScreen.storyboard */; };
/* End PBXBuildFile section */

/* Begin PBXFileReference section */
		D52AE9081D1F46E000F62AC1 /* Current Weather.app */ = {isa = PBXFileReference; explicitFileType = wrapper.application; includeInIndex = 0; path = "Current Weather.app"; sourceTree = BUILT_PRODUCTS_DIR; };
		D52AE90B1D1F46E000F62AC1 /* AppDelegate.swift */ = {isa = PBXFileReference; lastKnownFileType = sourcecode.swift; path = AppDelegate.swift; sourceTree = "<group>"; };
		D52AE90D1D1F46E000F62AC1 /* ViewController.swift */ = {isa = PBXFileReference; lastKnownFileType = sourcecode.swift; path = ViewController.swift; sourceTree = "<group>"; };
		D52AE9101D1F46E000F62AC1 /* Base */ = {isa = PBXFileReference; lastKnownFileType = file.storyboard; name = Base; path = Base.lproj/Main.storyboard; sourceTree = "<group>"; };
		D52AE9121D1F46E000F62AC1 /* Assets.xcassets */ = {isa = PBXFileReference; lastKnownFileType = folder.assetcatalog; path = Assets.xcassets; sourceTree = "<group>"; };
		D52AE9151D1F46E000F62AC1 /* Base */ = {isa = PBXFileReference; lastKnownFileType = file.storyboard; name = Base; path = Base.lproj/LaunchScreen.storyboard; sourceTree = "<group>"; };
		D52AE9171D1F46E000F62AC1 /* Info.plist */ = {isa = PBXFileReference; lastKnownFileType = text.plist.xml; path = Info.plist; sourceTree = "<group>"; };
/* End PBXFileReference section */

/* Begin PBXFrameworksBuildPhase section */
		D52AE9051D1F46E000F62AC1 /* Frameworks */ = {
			isa = PBXFrameworksBuildPhase;
			buildActionMask = 2147483647;
			files = (
			);
			runOnlyForDeploymentPostprocessing = 0;
		};
/* End PBXFrameworksBuildPhase section */

/* Begin PBXGroup section */
		D52AE8FF1D1F46E000F62AC1 = {
			isa = PBXGroup;
			children = (
				D52AE90A1D1F46E000F62AC1 /* Current Weather */,
				D52AE9091D1F46E000F62AC1 /* Products */,
			);
			sourceTree = "<group>";
		};
		D52AE9091D1F46E000F62AC1 /* Products */ = {
			isa = PBXGroup;
			children = (
				D52AE9081D1F46E000F62AC1 /* Current Weather.app */,
			);
			name = Products;
			sourceTree = "<group>";
		};
		D52AE90A1D1F46E000F62AC1 /* Current Weather */ = {
			isa = PBXGroup;
			children = (
				D52AE90B1D1F46E000F62AC1 /* AppDelegate.swift */,
				D52AE90D1D1F46E000F62AC1 /* ViewController.swift */,
				D52AE90F1D1F46E000F62AC1 /* Main.storyboard */,
				D52AE9121D1F46E000F62AC1 /* Assets.xcassets */,
				D52AE9141D1F46E000F62AC1 /* LaunchScreen.storyboard */,
				D52AE9171D1F46E000F62AC1 /* Info.plist */,
			);
			path = "Current Weather";
			sourceTree = "<group>";
		};
/* End PBXGroup section */

/* Begin PBXNativeTarget section */
		D52AE9071D1F46E000F62AC1 /* Current Weather */ = {
			isa = PBXNativeTarget;
			buildConfigurationList = D52AE91A1D1F46E000F62AC1 /* Build configuration list for PBXNativeTarget "Current Weather" */;
			buildPhases = (
				D52AE9041D1F46E000F62AC1 /* Sources */,
				D52AE9051D1F46E000F62AC1 /* Frameworks */,
				D52AE9061D1F46E000F62AC1 /* Resources */,
			);
			buildRules = (
			);
			dependencies = (
			);
			name = "Current Weather";
			productName = "Current Weather";
			productReference = D52AE9081D1F46E000F62AC1 /* Current Weather.app */;
			productType = "com.apple.product-type.application";
		};
/* End PBXNativeTarget section */

/* Begin PBXProject section */
		D52AE9001D1F46E000F62AC1 /* Project object */ = {
			isa = PBXProject;
			attributes = {
				LastSwiftUpdateCheck = 0730;
				LastUpgradeCheck = 0730;
				ORGANIZATIONNAME = Italyte;
				TargetAttributes = {
					D52AE9071D1F46E000F62AC1 = {
						CreatedOnToolsVersion = 7.3.1;
					};
				};
			};
			buildConfigurationList = D52AE9031D1F46E000F62AC1 /* Build configuration list for PBXProject "Current Weather" */;
			compatibilityVersion = "Xcode 3.2";
			developmentRegion = English;
			hasScannedForEncodings = 0;
			knownRegions = (
				en,
				Base,
			);
			mainGroup = D52AE8FF1D1F46E000F62AC1;
			productRefGroup = D52AE9091D1F46E000F62AC1 /* Products */;
			projectDirPath = "";
			projectRoot = "";
			targets = (
				D52AE9071D1F46E000F62AC1 /* Current Weather */,
			);
		};
/* End PBXProject section */

/* Begin PBXResourcesBuildPhase section */
		D52AE9061D1F46E000F62AC1 /* Resources */ = {
			isa = PBXResourcesBuildPhase;
			buildActionMask = 2147483647;
			files = (
				D52AE9161D1F46E000F62AC1 /* LaunchScreen.storyboard in Resources */,
				D52AE9131D1F46E000F62AC1 /* Assets.xcassets in Resources */,
				D52AE9111D1F46E000F62AC1 /* Main.storyboard in Resources */,
			);
			runOnlyForDeploymentPostprocessing = 0;
		};
/* End PBXResourcesBuildPhase section */

/* Begin PBXSourcesBuildPhase section */
		D52AE9041D1F46E000F62AC1 /* Sources */ = {
			isa = PBXSourcesBuildPhase;
			buildActionMask = 2147483647;
			files = (
				D52AE90E1D1F46E000F62AC1 /* ViewController.swift in Sources */,
				D52AE90C1D1F46E000F62AC1 /* AppDelegate.swift in Sources */,
			);
			runOnlyForDeploymentPostprocessing = 0;
		};
/* End PBXSourcesBuildPhase section */

/* Begin PBXVariantGroup section */
		D52AE90F1D1F46E000F62AC1 /* Main.storyboard */ = {
			isa = PBXVariantGroup;
			children = (
				D52AE9101D1F46E000F62AC1 /* Base */,
			);
			name = Main.storyboard;
			sourceTree = "<group>";
		};
		D52AE9141D1F46E000F62AC1 /* LaunchScreen.storyboard */ = {
			isa = PBXVariantGroup;
			children = (
				D52AE9151D1F46E000F62AC1 /* Base */,
			);
			name = LaunchScreen.storyboard;
			sourceTree = "<group>";
		};
/* End PBXVariantGroup section */

/* Begin XCBuildConfiguration section */
		D52AE9181D1F46E000F62AC1 /* Debug */ = {
			isa = XCBuildConfiguration;
			buildSettings = {
				ALWAYS_SEARCH_USER_PATHS = NO;
				CLANG_ANALYZER_NONNULL = YES;
				CLANG_CXX_LANGUAGE_STANDARD = "gnu++0x";
				CLANG_CXX_LIBRARY = "libc++";
				CLANG_ENABLE_MODULES = YES;
				CLANG_ENABLE_OBJC_ARC = YES;
				CLANG_WARN_BOOL_CONVERSION = YES;
				CLANG_WARN_CONSTANT_CONVERSION = YES;
				CLANG_WARN_DIRECT_OBJC_ISA_USAGE = YES_ERROR;
				CLANG_WARN_EMPTY_BODY = YES;
				CLANG_WARN_ENUM_CONVERSION = YES;
				CLANG_WARN_INT_CONVERSION = YES;
				CLANG_WARN_OBJC_ROOT_CLASS = YES_ERROR;
				CLANG_WARN_UNREACHABLE_CODE = YES;
				CLANG_WARN__DUPLICATE_METHOD_MATCH = YES;
				"CODE_SIGN_IDENTITY[sdk=iphoneos*]" = "iPhone Developer";
				COPY_PHASE_STRIP = NO;
				DEBUG_INFORMATION_FORMAT = dwarf;
				ENABLE_STRICT_OBJC_MSGSEND = YES;
				ENABLE_TESTABILITY = YES;
				GCC_C_LANGUAGE_STANDARD = gnu99;
				GCC_DYNAMIC_NO_PIC = NO;
				GCC_NO_COMMON_BLOCKS = YES;
				GCC_OPTIMIZATION_LEVEL = 0;
				GCC_PREPROCESSOR_DEFINITIONS = (
					"DEBUG=1",
					"$(inherited)",
				);
				GCC_WARN_64_TO_32_BIT_CONVERSION = YES;
				GCC_WARN_ABOUT_RETURN_TYPE = YES_ERROR;
				GCC_WARN_UNDECLARED_SELECTOR = YES;
				GCC_WARN_UNINITIALIZED_AUTOS = YES_AGGRESSIVE;
				GCC_WARN_UNUSED_FUNCTION = YES;
				GCC_WARN_UNUSED_VARIABLE = YES;
				IPHONEOS_DEPLOYMENT_TARGET = 9.3;
				MTL_ENABLE_DEBUG_INFO = YES;
				ONLY_ACTIVE_ARCH = YES;
				SDKROOT = iphoneos;
				SWIFT_OPTIMIZATION_LEVEL = "-Onone";
			};
			name = Debug;
		};
		D52AE9191D1F46E000F62AC1 /* Release */ = {
			isa = XCBuildConfiguration;
			buildSettings = {
				ALWAYS_SEARCH_USER_PATHS = NO;
				CLANG_ANALYZER_NONNULL = YES;
				CLANG_CXX_LANGUAGE_STANDARD = "gnu++0x";
				CLANG_CXX_LIBRARY = "libc++";
				CLANG_ENABLE_MODULES = YES;
				CLANG_ENABLE_OBJC_ARC = YES;
				CLANG_WARN_BOOL_CONVERSION = YES;
				CLANG_WARN_CONSTANT_CONVERSION = YES;
				CLANG_WARN_DIRECT_OBJC_ISA_USAGE = YES_ERROR;
				CLANG_WARN_EMPTY_BODY = YES;
				CLANG_WARN_ENUM_CONVERSION = YES;
				CLANG_WARN_INT_CONVERSION = YES;
				CLANG_WARN_OBJC_ROOT_CLASS = YES_ERROR;
				CLANG_WARN_UNREACHABLE_CODE = YES;
				CLANG_WARN__DUPLICATE_METHOD_MATCH = YES;
				"CODE_SIGN_IDENTITY[sdk=iphoneos*]" = "iPhone Developer";
				COPY_PHASE_STRIP = NO;
				DEBUG_INFORMATION_FORMAT = "dwarf-with-dsym";
				ENABLE_NS_ASSERTIONS = NO;
				ENABLE_STRICT_OBJC_MSGSEND = YES;
				GCC_C_LANGUAGE_STANDARD = gnu99;
				GCC_NO_COMMON_BLOCKS = YES;
				GCC_WARN_64_TO_32_BIT_CONVERSION = YES;
				GCC_WARN_ABOUT_RETURN_TYPE = YES_ERROR;
				GCC_WARN_UNDECLARED_SELECTOR = YES;
				GCC_WARN_UNINITIALIZED_AUTOS = YES_AGGRESSIVE;
				GCC_WARN_UNUSED_FUNCTION = YES;
				GCC_WARN_UNUSED_VARIABLE = YES;
				IPHONEOS_DEPLOYMENT_TARGET = 9.3;
				MTL_ENABLE_DEBUG_INFO = NO;
				SDKROOT = iphoneos;
				VALIDATE_PRODUCT = YES;
			};
			name = Release;
		};
		D52AE91B1D1F46E000F62AC1 /* Debug */ = {
			isa = XCBuildConfiguration;
			buildSettings = {
				ASSETCATALOG_COMPILER_APPICON_NAME = AppIcon;
				INFOPLIST_FILE = "Current Weather/Info.plist";
				LD_RUNPATH_SEARCH_PATHS = "$(inherited) @executable_path/Frameworks";
				PRODUCT_BUNDLE_IDENTIFIER = "com.Italyte.Current-Weather";
				PRODUCT_NAME = "$(TARGET_NAME)";
			};
			name = Debug;
		};
		D52AE91C1D1F46E000F62AC1 /* Release */ = {
			isa = XCBuildConfiguration;
			buildSettings = {
				ASSETCATALOG_COMPILER_APPICON_NAME = AppIcon;
				INFOPLIST_FILE = "Current Weather/Info.plist";
				LD_RUNPATH_SEARCH_PATHS = "$(inherited) @executable_path/Frameworks";
				PRODUCT_BUNDLE_IDENTIFIER = "com.Italyte.Current-Weather";
				PRODUCT_NAME = "$(TARGET_NAME)";
			};
			name = Release;
		};
/* End XCBuildConfiguration section */

/* Begin XCConfigurationList section */
		D52AE9031D1F46E000F62AC1 /* Build configuration list for PBXProject "Current Weather" */ = {
			isa = XCConfigurationList;
			buildConfigurations = (
				D52AE9181D1F46E000F62AC1 /* Debug */,
				D52AE9191D1F46E000F62AC1 /* Release */,
			);
			defaultConfigurationIsVisible = 0;
			defaultConfigurationName = Release;
		};
		D52AE91A1D1F46E000F62AC1 /* Build configuration list for PBXNativeTarget "Current Weather" */ = {
			isa = XCConfigurationList;
			buildConfigurations = (
				D52AE91B1D1F46E000F62AC1 /* Debug */,
				D52AE91C1D1F46E000F62AC1 /* Release */,
			);
			defaultConfigurationIsVisible = 0;
		};
/* End XCConfigurationList section */
	};
	rootObject = D52AE9001D1F46E000F62AC1 /* Project object */;
}
